<?xml version="1.0" encoding="utf-8"?>
<Project ToolsVersion="4.0" xmlns="http://schemas.microsoft.com/developer/msbuild/2003">
  <ItemGroup>
    <Filter Include="Source Files">
      <UniqueIdentifier>{4FC737F1-C7A5-4376-A066-2A32D752A2FF}</UniqueIdentifier>
      <Extensions>cpp;c;cc;cxx;def;odl;idl;hpj;bat;asm;asmx</Extensions>
    </Filter>
    <Filter Include="Header Files">
      <UniqueIdentifier>{93995380-89BD-4b04-88EB-625FBE52EBFB}</UniqueIdentifier>
      <Extensions>h;hh;hpp;hxx;hm;inl;inc;xsd</Extensions>
    </Filter>
    <Filter Include="Resource Files">
      <UniqueIdentifier>{67DA6AB6-F800-4c08-8B7A-83BB121AAD01}</UniqueIdentifier>
      <Extensions>rc;ico;cur;bmp;dlg;rc2;rct;bin;rgs;gif;jpg;jpeg;jpe;resx;tiff;tif;png;wav;mfcribbon-ms</Extensions>
    </Filter>
    <Filter Include="Resource Files\Library">
      <UniqueIdentifier>{beea9a5a-0281-45c8-b861-92c6d6143c2f}</UniqueIdentifier>
    </Filter>
    <Filter Include="Resource Files\Library\MySql">
      <UniqueIdentifier>{2593ee8a-74ec-4e67-92eb-53b0c649f770}</UniqueIdentifier>
    </Filter>
    <Filter Include="Resource Files\Library\Oracle">
      <UniqueIdentifier>{e36109cf-a6ba-4668-a1af-c4e9553adeaf}</UniqueIdentifier>
    </Filter>
    <Filter Include="Header Files\Render">
      <UniqueIdentifier>{504e0a23-4cea-4a6f-bcac-15260ef41b3b}</UniqueIdentifier>
    </Filter>
    <Filter Include="Source Files\Render">
      <UniqueIdentifier>{a720cefe-4a05-4495-9eed-4ca2425d44a8}</UniqueIdentifier>
    </Filter>
    <Filter Include="Header Files\Interfaces">
      <UniqueIdentifier>{3fac76e6-06da-47fd-9107-2495cf707a77}</UniqueIdentifier>
    </Filter>
    <Filter Include="Source Files\Interfaces">
      <UniqueIdentifier>{9dc95a47-f49d-48ec-a5e8-1263bb1c8874}</UniqueIdentifier>
    </Filter>
    <Filter Include="Header Files\Main">
      <UniqueIdentifier>{b10a3c43-db68-4863-b379-df7924f2f8f9}</UniqueIdentifier>
    </Filter>
    <Filter Include="Source Files\Main">
      <UniqueIdentifier>{1291fcf8-f530-48a0-b528-6871b4412f19}</UniqueIdentifier>
    </Filter>
    <Filter Include="Header Files\Console">
      <UniqueIdentifier>{85349595-a286-4df5-ab92-8aea0704d8e9}</UniqueIdentifier>
    </Filter>
    <Filter Include="Source Files\Console">
      <UniqueIdentifier>{ddc7dee9-f533-4d51-a972-70e30a05f889}</UniqueIdentifier>
    </Filter>
    <Filter Include="Header Files\ThreadManager">
      <UniqueIdentifier>{495fa801-6156-4364-8e6e-0753ce277694}</UniqueIdentifier>
    </Filter>
    <Filter Include="Source Files\ThreadManager">
      <UniqueIdentifier>{ac9c6af6-0ebc-4b99-a139-34053d8eeddc}</UniqueIdentifier>
    </Filter>
    <Filter Include="Header Files\Utils">
      <UniqueIdentifier>{1b886648-937d-4461-b71c-cb4978246a0f}</UniqueIdentifier>
    </Filter>
    <Filter Include="Source Files\Utils">
      <UniqueIdentifier>{0a2c61c5-7921-402b-995f-4012df3bd26b}</UniqueIdentifier>
    </Filter>
  </ItemGroup>
  <ItemGroup>
    <ClInclude Include="Library\nuklear.h">
      <Filter>Resource Files\Library</Filter>
    </ClInclude>
    <ClInclude Include="Library\nuklear_sdl_gl2.h">
      <Filter>Resource Files\Library</Filter>
    </ClInclude>
    <ClInclude Include="Library\Oracle\include\ocilib.h">
      <Filter>Resource Files\Library\Oracle</Filter>
    </ClInclude>
    <ClInclude Include="Library\Oracle\include\ocilib.hpp">
      <Filter>Resource Files\Library\Oracle</Filter>
    </ClInclude>
    <ClInclude Include="Library\Oracle\include\ocilib_core.hpp">
      <Filter>Resource Files\Library\Oracle</Filter>
    </ClInclude>
    <ClInclude Include="Library\Oracle\include\ocilib_impl.hpp">
      <Filter>Resource Files\Library\Oracle</Filter>
    </ClInclude>
    <ClInclude Include="Render\Render.h">
      <Filter>Header Files\Render</Filter>
    </ClInclude>
    <ClInclude Include="Interfaces\mysql_interface.h">
      <Filter>Header Files\Interfaces</Filter>
    </ClInclude>
    <ClInclude Include="Interfaces\oracle_interface.h">
      <Filter>Header Files\Interfaces</Filter>
    </ClInclude>
    <ClInclude Include="Main\Includes.h">
      <Filter>Header Files\Main</Filter>
    </ClInclude>
    <ClInclude Include="Main\main.h">
      <Filter>Header Files\Main</Filter>
    </ClInclude>
    <ClInclude Include="Interfaces\Interfaces.h">
      <Filter>Header Files\Interfaces</Filter>
    </ClInclude>
    <ClInclude Include="Console\Console.h">
      <Filter>Header Files\Console</Filter>
    </ClInclude>
    <ClInclude Include="ThreadManager\ThreadManager.h">
      <Filter>Header Files\ThreadManager</Filter>
    </ClInclude>
    <ClInclude Include="Utils\Utils.h">
      <Filter>Header Files\Utils</Filter>
    </ClInclude>
    <ClInclude Include="Interfaces\user_interface.h">
      <Filter>Header Files\Interfaces</Filter>
    </ClInclude>
  </ItemGroup>
  <ItemGroup>
    <ClCompile Include="Render\Render.c">
      <Filter>Source Files\Render</Filter>
    </ClCompile>
    <ClCompile Include="Interfaces\mysql_interface.c">
      <Filter>Source Files\Interfaces</Filter>
    </ClCompile>
    <ClCompile Include="Interfaces\oracle_interface.c">
      <Filter>Source Files\Interfaces</Filter>
    </ClCompile>
    <ClCompile Include="Main\main.c">
      <Filter>Source Files\Main</Filter>
    </ClCompile>
    <ClCompile Include="Console\Console.c">
      <Filter>Source Files\Console</Filter>
    </ClCompile>
    <ClCompile Include="ThreadManager\ThreadManager.c">
      <Filter>Source Files\ThreadManager</Filter>
    </ClCompile>
    <ClCompile Include="Utils\Utils.c">
      <Filter>Source Files\Utils</Filter>
    </ClCompile>
    <ClCompile Include="Interfaces\user_interface.c">
      <Filter>Source Files\Interfaces</Filter>
    </ClCompile>
  </ItemGroup>
</Project>